
Microsoft Visual Studio Solution File, Format Version 12.00
# Visual Studio Version 17
VisualStudioVersion = 17.2.32630.192
MinimumVisualStudioVersion = 10.0.40219.1
Project("{9A19103F-16F7-4668-BE54-9A1E7A4F7556}") = "MVCnowe", "MVCnowe\MVCnowe.csproj", "{AEE739C6-7422-4EF2-9728-52BF93B78221}"
EndProject
Project("{FAE04EC0-301F-11D3-BF4B-00C04F79EFBC}") = "TestProject1", "TestProject1\TestProject1.csproj", "{63315156-7642-4348-AE75-4C58A9A30941}"
EndProject
Global
	GlobalSection(SolutionConfigurationPlatforms) = preSolution
		Debug|Any CPU = Debug|Any CPU
		Release|Any CPU = Release|Any CPU
	EndGlobalSection
	GlobalSection(ProjectConfigurationPlatforms) = postSolution
		{AEE739C6-7422-4EF2-9728-52BF93B78221}.Debug|Any CPU.ActiveCfg = Debug|Any CPU
		{AEE739C6-7422-4EF2-9728-52BF93B78221}.Debug|Any CPU.Build.0 = Debug|Any CPU
		{AEE739C6-7422-4EF2-9728-52BF93B78221}.Release|Any CPU.ActiveCfg = Release|Any CPU
		{AEE739C6-7422-4EF2-9728-52BF93B78221}.Release|Any CPU.Build.0 = Release|Any CPU
		{63315156-7642-4348-AE75-4C58A9A30941}.Debug|Any CPU.ActiveCfg = Debug|Any CPU
		{63315156-7642-4348-AE75-4C58A9A30941}.Debug|Any CPU.Build.0 = Debug|Any CPU
		{63315156-7642-4348-AE75-4C58A9A30941}.Release|Any CPU.ActiveCfg = Release|Any CPU
		{63315156-7642-4348-AE75-4C58A9A30941}.Release|Any CPU.Build.0 = Release|Any CPU
	EndGlobalSection
	GlobalSection(SolutionProperties) = preSolution
		HideSolutionNode = FALSE
	EndGlobalSection
	GlobalSection(ExtensibilityGlobals) = postSolution
		SolutionGuid = {DA475120-99A9-428D-8D01-29AABB6ADADF}
	EndGlobalSection
EndGlobal
